
Microsoft Visual Studio Solution File, Format Version 12.00
# Visual Studio Version 17
VisualStudioVersion = 17.0.31919.166
MinimumVisualStudioVersion = 10.0.40219.1
Project("{FAE04EC0-301F-11D3-BF4B-00C04F79EFBC}") = "TransactionMatch", "TransactionMatch\TransactionMatch.csproj", "{DA1A9E82-BD5A-4A99-A510-4118B6DAE3FF}"
EndProject
Global
	GlobalSection(SolutionConfigurationPlatforms) = preSolution
		Debug|Any CPU = Debug|Any CPU
		Release|Any CPU = Release|Any CPU
	EndGlobalSection
	GlobalSection(ProjectConfigurationPlatforms) = postSolution
		{DA1A9E82-BD5A-4A99-A510-4118B6DAE3FF}.Debug|Any CPU.ActiveCfg = Debug|Any CPU
		{DA1A9E82-BD5A-4A99-A510-4118B6DAE3FF}.Debug|Any CPU.Build.0 = Debug|Any CPU
		{DA1A9E82-BD5A-4A99-A510-4118B6DAE3FF}.Release|Any CPU.ActiveCfg = Release|Any CPU
		{DA1A9E82-BD5A-4A99-A510-4118B6DAE3FF}.Release|Any CPU.Build.0 = Release|Any CPU
	EndGlobalSection
	GlobalSection(SolutionProperties) = preSolution
		HideSolutionNode = FALSE
	EndGlobalSection
	GlobalSection(ExtensibilityGlobals) = postSolution
		SolutionGuid = {11E11791-C8E2-4D59-80EA-DF8D68898F8B}
	EndGlobalSection
EndGlobal
